// !$*UTF8*$!
{
	archiveVersion = 1;
	classes = {
	};
	objectVersion = 48;
	objects = {

/* Begin PBXBuildFile section */
		A308A5D41FB16AB60092343D /* xpiziot_p2p_device.m in Sources */ = {isa = PBXBuildFile; fileRef = A308A5D31FB16AB60092343D /* xpiziot_p2p_device.m */; };
		A3A113631F9DC27900ED0E1C /* AppDelegate.m in Sources */ = {isa = PBXBuildFile; fileRef = A3A113621F9DC27900ED0E1C /* AppDelegate.m */; };
		A3A113661F9DC27900ED0E1C /* MasterViewController.m in Sources */ = {isa = PBXBuildFile; fileRef = A3A113651F9DC27900ED0E1C /* MasterViewController.m */; };
		A3A113691F9DC27900ED0E1C /* DetailViewController.m in Sources */ = {isa = PBXBuildFile; fileRef = A3A113681F9DC27900ED0E1C /* DetailViewController.m */; };
		A3A1136C1F9DC27900ED0E1C /* Main.storyboard in Resources */ = {isa = PBXBuildFile; fileRef = A3A1136A1F9DC27900ED0E1C /* Main.storyboard */; };
		A3A1136E1F9DC27900ED0E1C /* Assets.xcassets in Resources */ = {isa = PBXBuildFile; fileRef = A3A1136D1F9DC27900ED0E1C /* Assets.xcassets */; };
		A3A113711F9DC27900ED0E1C /* LaunchScreen.storyboard in Resources */ = {isa = PBXBuildFile; fileRef = A3A1136F1F9DC27900ED0E1C /* LaunchScreen.storyboard */; };
		A3A113741F9DC27900ED0E1C /* main.m in Sources */ = {isa = PBXBuildFile; fileRef = A3A113731F9DC27900ED0E1C /* main.m */; };
		A3A1137E1F9DC27900ED0E1C /* PIZCmsTests.m in Sources */ = {isa = PBXBuildFile; fileRef = A3A1137D1F9DC27900ED0E1C /* PIZCmsTests.m */; };
		A3A113891F9DC27900ED0E1C /* PIZCmsUITests.m in Sources */ = {isa = PBXBuildFile; fileRef = A3A113881F9DC27900ED0E1C /* PIZCmsUITests.m */; };
		A3A113981F9DC82700ED0E1C /* libpiziot_os.a in Frameworks */ = {isa = PBXBuildFile; fileRef = A3A113971F9DC82600ED0E1C /* libpiziot_os.a */; };
		A3A1139A1F9DC85600ED0E1C /* libpiziot_p2p_common.a in Frameworks */ = {isa = PBXBuildFile; fileRef = A3A113991F9DC85600ED0E1C /* libpiziot_p2p_common.a */; };
		A3A1139C1F9DC86C00ED0E1C /* libpiziot_p2p_client.a in Frameworks */ = {isa = PBXBuildFile; fileRef = A3A1139B1F9DC86C00ED0E1C /* libpiziot_p2p_client.a */; };
		A3A1139E1F9DC88900ED0E1C /* libpiziot_core_cms.a in Frameworks */ = {isa = PBXBuildFile; fileRef = A3A1139D1F9DC88900ED0E1C /* libpiziot_core_cms.a */; };
/* End PBXBuildFile section */

/* Begin PBXContainerItemProxy section */
		A3A1137A1F9DC27900ED0E1C /* PBXContainerItemProxy */ = {
			isa = PBXContainerItemProxy;
			containerPortal = A3A113561F9DC27900ED0E1C /* Project object */;
			proxyType = 1;
			remoteGlobalIDString = A3A1135D1F9DC27900ED0E1C;
			remoteInfo = PIZCms;
		};
		A3A113851F9DC27900ED0E1C /* PBXContainerItemProxy */ = {
			isa = PBXContainerItemProxy;
			containerPortal = A3A113561F9DC27900ED0E1C /* Project object */;
			proxyType = 1;
			remoteGlobalIDString = A3A1135D1F9DC27900ED0E1C;
			remoteInfo = PIZCms;
		};
/* End PBXContainerItemProxy section */

/* Begin PBXFileReference section */
		A308A5D21FB16AB60092343D /* xpiziot_p2p_device.h */ = {isa = PBXFileReference; fileEncoding = 4; lastKnownFileType = sourcecode.c.h; path = xpiziot_p2p_device.h; sourceTree = "<group>"; };
		A308A5D31FB16AB60092343D /* xpiziot_p2p_device.m */ = {isa = PBXFileReference; fileEncoding = 4; lastKnownFileType = sourcecode.c.objc; path = xpiziot_p2p_device.m; sourceTree = "<group>"; };
		A3A1135E1F9DC27900ED0E1C /* PIZCms.app */ = {isa = PBXFileReference; explicitFileType = wrapper.application; includeInIndex = 0; path = PIZCms.app; sourceTree = BUILT_PRODUCTS_DIR; };
		A3A113611F9DC27900ED0E1C /* AppDelegate.h */ = {isa = PBXFileReference; lastKnownFileType = sourcecode.c.h; path = AppDelegate.h; sourceTree = "<group>"; };
		A3A113621F9DC27900ED0E1C /* AppDelegate.m */ = {isa = PBXFileReference; lastKnownFileType = sourcecode.c.objc; path = AppDelegate.m; sourceTree = "<group>"; };
		A3A113641F9DC27900ED0E1C /* MasterViewController.h */ = {isa = PBXFileReference; lastKnownFileType = sourcecode.c.h; path = MasterViewController.h; sourceTree = "<group>"; };
		A3A113651F9DC27900ED0E1C /* MasterViewController.m */ = {isa = PBXFileReference; lastKnownFileType = sourcecode.c.objc; path = MasterViewController.m; sourceTree = "<group>"; };
		A3A113671F9DC27900ED0E1C /* DetailViewController.h */ = {isa = PBXFileReference; lastKnownFileType = sourcecode.c.h; path = DetailViewController.h; sourceTree = "<group>"; };
		A3A113681F9DC27900ED0E1C /* DetailViewController.m */ = {isa = PBXFileReference; lastKnownFileType = sourcecode.c.objc; path = DetailViewController.m; sourceTree = "<group>"; };
		A3A1136B1F9DC27900ED0E1C /* Base */ = {isa = PBXFileReference; lastKnownFileType = file.storyboard; name = Base; path = Base.lproj/Main.storyboard; sourceTree = "<group>"; };
		A3A1136D1F9DC27900ED0E1C /* Assets.xcassets */ = {isa = PBXFileReference; lastKnownFileType = folder.assetcatalog; path = Assets.xcassets; sourceTree = "<group>"; };
		A3A113701F9DC27900ED0E1C /* Base */ = {isa = PBXFileReference; lastKnownFileType = file.storyboard; name = Base; path = Base.lproj/LaunchScreen.storyboard; sourceTree = "<group>"; };
		A3A113721F9DC27900ED0E1C /* Info.plist */ = {isa = PBXFileReference; lastKnownFileType = text.plist.xml; path = Info.plist; sourceTree = "<group>"; };
		A3A113731F9DC27900ED0E1C /* main.m */ = {isa = PBXFileReference; lastKnownFileType = sourcecode.c.objc; path = main.m; sourceTree = "<group>"; };
		A3A113791F9DC27900ED0E1C /* PIZCmsTests.xctest */ = {isa = PBXFileReference; explicitFileType = wrapper.cfbundle; includeInIndex = 0; path = PIZCmsTests.xctest; sourceTree = BUILT_PRODUCTS_DIR; };
		A3A1137D1F9DC27900ED0E1C /* PIZCmsTests.m */ = {isa = PBXFileReference; lastKnownFileType = sourcecode.c.objc; path = PIZCmsTests.m; sourceTree = "<group>"; };
		A3A1137F1F9DC27900ED0E1C /* Info.plist */ = {isa = PBXFileReference; lastKnownFileType = text.plist.xml; path = Info.plist; sourceTree = "<group>"; };
		A3A113841F9DC27900ED0E1C /* PIZCmsUITests.xctest */ = {isa = PBXFileReference; explicitFileType = wrapper.cfbundle; includeInIndex = 0; path = PIZCmsUITests.xctest; sourceTree = BUILT_PRODUCTS_DIR; };
		A3A113881F9DC27900ED0E1C /* PIZCmsUITests.m */ = {isa = PBXFileReference; lastKnownFileType = sourcecode.c.objc; path = PIZCmsUITests.m; sourceTree = "<group>"; };
		A3A1138A1F9DC27900ED0E1C /* Info.plist */ = {isa = PBXFileReference; lastKnownFileType = text.plist.xml; path = Info.plist; sourceTree = "<group>"; };
		A3A113971F9DC82600ED0E1C /* libpiziot_os.a */ = {isa = PBXFileReference; lastKnownFileType = archive.ar; name = libpiziot_os.a; path = "../../../../lib/Xcode/iOS/Release-iphoneos/libpiziot_os.a"; sourceTree = "<group>"; };
		A3A113991F9DC85600ED0E1C /* libpiziot_p2p_common.a */ = {isa = PBXFileReference; lastKnownFileType = archive.ar; name = libpiziot_p2p_common.a; path = "../../../../lib/Xcode/iOS/Release-iphoneos/libpiziot_p2p_common.a"; sourceTree = "<group>"; };
		A3A1139B1F9DC86C00ED0E1C /* libpiziot_p2p_client.a */ = {isa = PBXFileReference; lastKnownFileType = archive.ar; name = libpiziot_p2p_client.a; path = "../../../../lib/Xcode/iOS/Release-iphoneos/libpiziot_p2p_client.a"; sourceTree = "<group>"; };
		A3A1139D1F9DC88900ED0E1C /* libpiziot_core_cms.a */ = {isa = PBXFileReference; lastKnownFileType = archive.ar; name = libpiziot_core_cms.a; path = "../../../../lib/Xcode/iOS/Release-iphoneos/libpiziot_core_cms.a"; sourceTree = "<group>"; };
/* End PBXFileReference section */

/* Begin PBXFrameworksBuildPhase section */
		A3A1135B1F9DC27900ED0E1C /* Frameworks */ = {
			isa = PBXFrameworksBuildPhase;
			buildActionMask = 2147483647;
			files = (
				A3A113981F9DC82700ED0E1C /* libpiziot_os.a in Frameworks */,
				A3A1139A1F9DC85600ED0E1C /* libpiziot_p2p_common.a in Frameworks */,
				A3A1139C1F9DC86C00ED0E1C /* libpiziot_p2p_client.a in Frameworks */,
				A3A1139E1F9DC88900ED0E1C /* libpiziot_core_cms.a in Frameworks */,
			);
			runOnlyForDeploymentPostprocessing = 0;
		};
		A3A113761F9DC27900ED0E1C /* Frameworks */ = {
			isa = PBXFrameworksBuildPhase;
			buildActionMask = 2147483647;
			files = (
			);
			runOnlyForDeploymentPostprocessing = 0;
		};
		A3A113811F9DC27900ED0E1C /* Frameworks */ = {
			isa = PBXFrameworksBuildPhase;
			buildActionMask = 2147483647;
			files = (
			);
			runOnlyForDeploymentPostprocessing = 0;
		};
/* End PBXFrameworksBuildPhase section */

/* Begin PBXGroup section */
		A308A5D11FB16A9D0092343D /* libpiziot */ = {
			isa = PBXGroup;
			children = (
				A308A5D21FB16AB60092343D /* xpiziot_p2p_device.h */,
				A308A5D31FB16AB60092343D /* xpiziot_p2p_device.m */,
			);
			path = libpiziot;
			sourceTree = "<group>";
		};
		A3A113551F9DC27900ED0E1C = {
			isa = PBXGroup;
			children = (
				A3A113601F9DC27900ED0E1C /* PIZCms */,
				A3A1137C1F9DC27900ED0E1C /* PIZCmsTests */,
				A3A113871F9DC27900ED0E1C /* PIZCmsUITests */,
				A3A1135F1F9DC27900ED0E1C /* Products */,
				A3A113961F9DC82600ED0E1C /* Frameworks */,
			);
			sourceTree = "<group>";
		};
		A3A1135F1F9DC27900ED0E1C /* Products */ = {
			isa = PBXGroup;
			children = (
				A3A1135E1F9DC27900ED0E1C /* PIZCms.app */,
				A3A113791F9DC27900ED0E1C /* PIZCmsTests.xctest */,
				A3A113841F9DC27900ED0E1C /* PIZCmsUITests.xctest */,
			);
			name = Products;
			sourceTree = "<group>";
		};
		A3A113601F9DC27900ED0E1C /* PIZCms */ = {
			isa = PBXGroup;
			children = (
				A308A5D11FB16A9D0092343D /* libpiziot */,
				A3A113611F9DC27900ED0E1C /* AppDelegate.h */,
				A3A113621F9DC27900ED0E1C /* AppDelegate.m */,
				A3A113641F9DC27900ED0E1C /* MasterViewController.h */,
				A3A113651F9DC27900ED0E1C /* MasterViewController.m */,
				A3A113671F9DC27900ED0E1C /* DetailViewController.h */,
				A3A113681F9DC27900ED0E1C /* DetailViewController.m */,
				A3A1136A1F9DC27900ED0E1C /* Main.storyboard */,
				A3A1136D1F9DC27900ED0E1C /* Assets.xcassets */,
				A3A1136F1F9DC27900ED0E1C /* LaunchScreen.storyboard */,
				A3A113721F9DC27900ED0E1C /* Info.plist */,
				A3A113731F9DC27900ED0E1C /* main.m */,
			);
			path = PIZCms;
			sourceTree = "<group>";
		};
		A3A1137C1F9DC27900ED0E1C /* PIZCmsTests */ = {
			isa = PBXGroup;
			children = (
				A3A1137D1F9DC27900ED0E1C /* PIZCmsTests.m */,
				A3A1137F1F9DC27900ED0E1C /* Info.plist */,
			);
			path = PIZCmsTests;
			sourceTree = "<group>";
		};
		A3A113871F9DC27900ED0E1C /* PIZCmsUITests */ = {
			isa = PBXGroup;
			children = (
				A3A113881F9DC27900ED0E1C /* PIZCmsUITests.m */,
				A3A1138A1F9DC27900ED0E1C /* Info.plist */,
			);
			path = PIZCmsUITests;
			sourceTree = "<group>";
		};
		A3A113961F9DC82600ED0E1C /* Frameworks */ = {
			isa = PBXGroup;
			children = (
				A3A1139D1F9DC88900ED0E1C /* libpiziot_core_cms.a */,
				A3A1139B1F9DC86C00ED0E1C /* libpiziot_p2p_client.a */,
				A3A113991F9DC85600ED0E1C /* libpiziot_p2p_common.a */,
				A3A113971F9DC82600ED0E1C /* libpiziot_os.a */,
			);
			name = Frameworks;
			sourceTree = "<group>";
		};
/* End PBXGroup section */

/* Begin PBXNativeTarget section */
		A3A1135D1F9DC27900ED0E1C /* PIZCms */ = {
			isa = PBXNativeTarget;
			buildConfigurationList = A3A1138D1F9DC27900ED0E1C /* Build configuration list for PBXNativeTarget "PIZCms" */;
			buildPhases = (
				A3A1135A1F9DC27900ED0E1C /* Sources */,
				A3A1135B1F9DC27900ED0E1C /* Frameworks */,
				A3A1135C1F9DC27900ED0E1C /* Resources */,
			);
			buildRules = (
			);
			dependencies = (
			);
			name = PIZCms;
			productName = PIZCms;
			productReference = A3A1135E1F9DC27900ED0E1C /* PIZCms.app */;
			productType = "com.apple.product-type.application";
		};
		A3A113781F9DC27900ED0E1C /* PIZCmsTests */ = {
			isa = PBXNativeTarget;
			buildConfigurationList = A3A113901F9DC27900ED0E1C /* Build configuration list for PBXNativeTarget "PIZCmsTests" */;
			buildPhases = (
				A3A113751F9DC27900ED0E1C /* Sources */,
				A3A113761F9DC27900ED0E1C /* Frameworks */,
				A3A113771F9DC27900ED0E1C /* Resources */,
			);
			buildRules = (
			);
			dependencies = (
				A3A1137B1F9DC27900ED0E1C /* PBXTargetDependency */,
			);
			name = PIZCmsTests;
			productName = PIZCmsTests;
			productReference = A3A113791F9DC27900ED0E1C /* PIZCmsTests.xctest */;
			productType = "com.apple.product-type.bundle.unit-test";
		};
		A3A113831F9DC27900ED0E1C /* PIZCmsUITests */ = {
			isa = PBXNativeTarget;
			buildConfigurationList = A3A113931F9DC27900ED0E1C /* Build configuration list for PBXNativeTarget "PIZCmsUITests" */;
			buildPhases = (
				A3A113801F9DC27900ED0E1C /* Sources */,
				A3A113811F9DC27900ED0E1C /* Frameworks */,
				A3A113821F9DC27900ED0E1C /* Resources */,
			);
			buildRules = (
			);
			dependencies = (
				A3A113861F9DC27900ED0E1C /* PBXTargetDependency */,
			);
			name = PIZCmsUITests;
			productName = PIZCmsUITests;
			productReference = A3A113841F9DC27900ED0E1C /* PIZCmsUITests.xctest */;
			productType = "com.apple.product-type.bundle.ui-testing";
		};
/* End PBXNativeTarget section */

/* Begin PBXProject section */
		A3A113561F9DC27900ED0E1C /* Project object */ = {
			isa = PBXProject;
			attributes = {
				LastUpgradeCheck = 0900;
				ORGANIZATIONNAME = LIBPIZIOT;
				TargetAttributes = {
					A3A1135D1F9DC27900ED0E1C = {
						CreatedOnToolsVersion = 9.0.1;
						ProvisioningStyle = Automatic;
					};
					A3A113781F9DC27900ED0E1C = {
						CreatedOnToolsVersion = 9.0.1;
						ProvisioningStyle = Automatic;
						TestTargetID = A3A1135D1F9DC27900ED0E1C;
					};
					A3A113831F9DC27900ED0E1C = {
						CreatedOnToolsVersion = 9.0.1;
						ProvisioningStyle = Automatic;
						TestTargetID = A3A1135D1F9DC27900ED0E1C;
					};
				};
			};
			buildConfigurationList = A3A113591F9DC27900ED0E1C /* Build configuration list for PBXProject "PIZCms" */;
			compatibilityVersion = "Xcode 8.0";
			developmentRegion = en;
			hasScannedForEncodings = 0;
			knownRegions = (
				en,
				Base,
			);
			mainGroup = A3A113551F9DC27900ED0E1C;
			productRefGroup = A3A1135F1F9DC27900ED0E1C /* Products */;
			projectDirPath = "";
			projectRoot = "";
			targets = (
				A3A1135D1F9DC27900ED0E1C /* PIZCms */,
				A3A113781F9DC27900ED0E1C /* PIZCmsTests */,
				A3A113831F9DC27900ED0E1C /* PIZCmsUITests */,
			);
		};
/* End PBXProject section */

/* Begin PBXResourcesBuildPhase section */
		A3A1135C1F9DC27900ED0E1C /* Resources */ = {
			isa = PBXResourcesBuildPhase;
			buildActionMask = 2147483647;
			files = (
				A3A113711F9DC27900ED0E1C /* LaunchScreen.storyboard in Resources */,
				A3A1136E1F9DC27900ED0E1C /* Assets.xcassets in Resources */,
				A3A1136C1F9DC27900ED0E1C /* Main.storyboard in Resources */,
			);
			runOnlyForDeploymentPostprocessing = 0;
		};
		A3A113771F9DC27900ED0E1C /* Resources */ = {
			isa = PBXResourcesBuildPhase;
			buildActionMask = 2147483647;
			files = (
			);
			runOnlyForDeploymentPostprocessing = 0;
		};
		A3A113821F9DC27900ED0E1C /* Resources */ = {
			isa = PBXResourcesBuildPhase;
			buildActionMask = 2147483647;
			files = (
			);
			runOnlyForDeploymentPostprocessing = 0;
		};
/* End PBXResourcesBuildPhase section */

/* Begin PBXSourcesBuildPhase section */
		A3A1135A1F9DC27900ED0E1C /* Sources */ = {
			isa = PBXSourcesBuildPhase;
			buildActionMask = 2147483647;
			files = (
				A3A113661F9DC27900ED0E1C /* MasterViewController.m in Sources */,
				A3A113631F9DC27900ED0E1C /* AppDelegate.m in Sources */,
				A308A5D41FB16AB60092343D /* xpiziot_p2p_device.m in Sources */,
				A3A113741F9DC27900ED0E1C /* main.m in Sources */,
				A3A113691F9DC27900ED0E1C /* DetailViewController.m in Sources */,
			);
			runOnlyForDeploymentPostprocessing = 0;
		};
		A3A113751F9DC27900ED0E1C /* Sources */ = {
			isa = PBXSourcesBuildPhase;
			buildActionMask = 2147483647;
			files = (
				A3A1137E1F9DC27900ED0E1C /* PIZCmsTests.m in Sources */,
			);
			runOnlyForDeploymentPostprocessing = 0;
		};
		A3A113801F9DC27900ED0E1C /* Sources */ = {
			isa = PBXSourcesBuildPhase;
			buildActionMask = 2147483647;
			files = (
				A3A113891F9DC27900ED0E1C /* PIZCmsUITests.m in Sources */,
			);
			runOnlyForDeploymentPostprocessing = 0;
		};
/* End PBXSourcesBuildPhase section */

/* Begin PBXTargetDependency section */
		A3A1137B1F9DC27900ED0E1C /* PBXTargetDependency */ = {
			isa = PBXTargetDependency;
			target = A3A1135D1F9DC27900ED0E1C /* PIZCms */;
			targetProxy = A3A1137A1F9DC27900ED0E1C /* PBXContainerItemProxy */;
		};
		A3A113861F9DC27900ED0E1C /* PBXTargetDependency */ = {
			isa = PBXTargetDependency;
			target = A3A1135D1F9DC27900ED0E1C /* PIZCms */;
			targetProxy = A3A113851F9DC27900ED0E1C /* PBXContainerItemProxy */;
		};
/* End PBXTargetDependency section */

/* Begin PBXVariantGroup section */
		A3A1136A1F9DC27900ED0E1C /* Main.storyboard */ = {
			isa = PBXVariantGroup;
			children = (
				A3A1136B1F9DC27900ED0E1C /* Base */,
			);
			name = Main.storyboard;
			sourceTree = "<group>";
		};
		A3A1136F1F9DC27900ED0E1C /* LaunchScreen.storyboard */ = {
			isa = PBXVariantGroup;
			children = (
				A3A113701F9DC27900ED0E1C /* Base */,
			);
			name = LaunchScreen.storyboard;
			sourceTree = "<group>";
		};
/* End PBXVariantGroup section */

/* Begin XCBuildConfiguration section */
		A3A1138B1F9DC27900ED0E1C /* Debug */ = {
			isa = XCBuildConfiguration;
			buildSettings = {
				ALWAYS_SEARCH_USER_PATHS = NO;
				CLANG_ANALYZER_NONNULL = YES;
				CLANG_ANALYZER_NUMBER_OBJECT_CONVERSION = YES_AGGRESSIVE;
				CLANG_CXX_LANGUAGE_STANDARD = "gnu++14";
				CLANG_CXX_LIBRARY = "libc++";
				CLANG_ENABLE_MODULES = YES;
				CLANG_ENABLE_OBJC_ARC = YES;
				CLANG_WARN_BLOCK_CAPTURE_AUTORELEASING = YES;
				CLANG_WARN_BOOL_CONVERSION = YES;
				CLANG_WARN_COMMA = YES;
				CLANG_WARN_CONSTANT_CONVERSION = YES;
				CLANG_WARN_DIRECT_OBJC_ISA_USAGE = YES_ERROR;
				CLANG_WARN_DOCUMENTATION_COMMENTS = YES;
				CLANG_WARN_EMPTY_BODY = YES;
				CLANG_WARN_ENUM_CONVERSION = YES;
				CLANG_WARN_INFINITE_RECURSION = YES;
				CLANG_WARN_INT_CONVERSION = YES;
				CLANG_WARN_NON_LITERAL_NULL_CONVERSION = YES;
				CLANG_WARN_OBJC_LITERAL_CONVERSION = YES;
				CLANG_WARN_OBJC_ROOT_CLASS = YES_ERROR;
				CLANG_WARN_RANGE_LOOP_ANALYSIS = YES;
				CLANG_WARN_STRICT_PROTOTYPES = YES;
				CLANG_WARN_SUSPICIOUS_MOVE = YES;
				CLANG_WARN_UNGUARDED_AVAILABILITY = YES_AGGRESSIVE;
				CLANG_WARN_UNREACHABLE_CODE = YES;
				CLANG_WARN__DUPLICATE_METHOD_MATCH = YES;
				CODE_SIGN_IDENTITY = "iPhone Developer";
				COPY_PHASE_STRIP = NO;
				DEBUG_INFORMATION_FORMAT = dwarf;
				ENABLE_STRICT_OBJC_MSGSEND = YES;
				ENABLE_TESTABILITY = YES;
				GCC_C_LANGUAGE_STANDARD = gnu11;
				GCC_DYNAMIC_NO_PIC = NO;
				GCC_NO_COMMON_BLOCKS = YES;
				GCC_OPTIMIZATION_LEVEL = 0;
				GCC_PREPROCESSOR_DEFINITIONS = (
					"DEBUG=1",
					"$(inherited)",
				);
				GCC_WARN_64_TO_32_BIT_CONVERSION = YES;
				GCC_WARN_ABOUT_RETURN_TYPE = YES_ERROR;
				GCC_WARN_UNDECLARED_SELECTOR = YES;
				GCC_WARN_UNINITIALIZED_AUTOS = YES_AGGRESSIVE;
				GCC_WARN_UNUSED_FUNCTION = YES;
				GCC_WARN_UNUSED_VARIABLE = YES;
				IPHONEOS_DEPLOYMENT_TARGET = 11.0;
				MTL_ENABLE_DEBUG_INFO = YES;
				ONLY_ACTIVE_ARCH = YES;
				SDKROOT = iphoneos;
			};
			name = Debug;
		};
		A3A1138C1F9DC27900ED0E1C /* Release */ = {
			isa = XCBuildConfiguration;
			buildSettings = {
				ALWAYS_SEARCH_USER_PATHS = NO;
				CLANG_ANALYZER_NONNULL = YES;
				CLANG_ANALYZER_NUMBER_OBJECT_CONVERSION = YES_AGGRESSIVE;
				CLANG_CXX_LANGUAGE_STANDARD = "gnu++14";
				CLANG_CXX_LIBRARY = "libc++";
				CLANG_ENABLE_MODULES = YES;
				CLANG_ENABLE_OBJC_ARC = YES;
				CLANG_WARN_BLOCK_CAPTURE_AUTORELEASING = YES;
				CLANG_WARN_BOOL_CONVERSION = YES;
				CLANG_WARN_COMMA = YES;
				CLANG_WARN_CONSTANT_CONVERSION = YES;
				CLANG_WARN_DIRECT_OBJC_ISA_USAGE = YES_ERROR;
				CLANG_WARN_DOCUMENTATION_COMMENTS = YES;
				CLANG_WARN_EMPTY_BODY = YES;
				CLANG_WARN_ENUM_CONVERSION = YES;
				CLANG_WARN_INFINITE_RECURSION = YES;
				CLANG_WARN_INT_CONVERSION = YES;
				CLANG_WARN_NON_LITERAL_NULL_CONVERSION = YES;
				CLANG_WARN_OBJC_LITERAL_CONVERSION = YES;
				CLANG_WARN_OBJC_ROOT_CLASS = YES_ERROR;
				CLANG_WARN_RANGE_LOOP_ANALYSIS = YES;
				CLANG_WARN_STRICT_PROTOTYPES = YES;
				CLANG_WARN_SUSPICIOUS_MOVE = YES;
				CLANG_WARN_UNGUARDED_AVAILABILITY = YES_AGGRESSIVE;
				CLANG_WARN_UNREACHABLE_CODE = YES;
				CLANG_WARN__DUPLICATE_METHOD_MATCH = YES;
				CODE_SIGN_IDENTITY = "iPhone Developer";
				COPY_PHASE_STRIP = NO;
				DEBUG_INFORMATION_FORMAT = "dwarf-with-dsym";
				ENABLE_NS_ASSERTIONS = NO;
				ENABLE_STRICT_OBJC_MSGSEND = YES;
				GCC_C_LANGUAGE_STANDARD = gnu11;
				GCC_NO_COMMON_BLOCKS = YES;
				GCC_WARN_64_TO_32_BIT_CONVERSION = YES;
				GCC_WARN_ABOUT_RETURN_TYPE = YES_ERROR;
				GCC_WARN_UNDECLARED_SELECTOR = YES;
				GCC_WARN_UNINITIALIZED_AUTOS = YES_AGGRESSIVE;
				GCC_WARN_UNUSED_FUNCTION = YES;
				GCC_WARN_UNUSED_VARIABLE = YES;
				IPHONEOS_DEPLOYMENT_TARGET = 11.0;
				MTL_ENABLE_DEBUG_INFO = NO;
				SDKROOT = iphoneos;
				VALIDATE_PRODUCT = YES;
			};
			name = Release;
		};
		A3A1138E1F9DC27900ED0E1C /* Debug */ = {
			isa = XCBuildConfiguration;
			buildSettings = {
				ASSETCATALOG_COMPILER_APPICON_NAME = AppIcon;
				CODE_SIGN_STYLE = Automatic;
				DEVELOPMENT_TEAM = "";
				GCC_PREPROCESSOR_DEFINITIONS = "$(inherited)";
				INFOPLIST_FILE = PIZCms/Info.plist;
				IPHONEOS_DEPLOYMENT_TARGET = 9.0;
				LD_RUNPATH_SEARCH_PATHS = "$(inherited) @executable_path/Frameworks";
				"LIBRARY_SEARCH_PATHS[sdk=iphoneos*]" = "$(PROJECT_DIR)/../../../../lib/Xcode/iOS/Debug-iphoneos";
				"LIBRARY_SEARCH_PATHS[sdk=iphonesimulator*]" = "$(PROJECT_DIR)/../../../../lib/Xcode/iOS/Debug-iphonesimulator-x86_64";
				PRODUCT_BUNDLE_IDENTIFIER = com.pppiziot.www.PIZCms;
				PRODUCT_NAME = "$(TARGET_NAME)";
				TARGETED_DEVICE_FAMILY = "1,2";
				USER_HEADER_SEARCH_PATHS = "$(PROJECT_DIR)/../../../../include";
			};
			name = Debug;
		};
		A3A1138F1F9DC27900ED0E1C /* Release */ = {
			isa = XCBuildConfiguration;
			buildSettings = {
				ASSETCATALOG_COMPILER_APPICON_NAME = AppIcon;
				CODE_SIGN_STYLE = Automatic;
				DEVELOPMENT_TEAM = "";
				GCC_PREPROCESSOR_DEFINITIONS = "";
				INFOPLIST_FILE = PIZCms/Info.plist;
				IPHONEOS_DEPLOYMENT_TARGET = 9.0;
				LD_RUNPATH_SEARCH_PATHS = "$(inherited) @executable_path/Frameworks";
				"LIBRARY_SEARCH_PATHS[sdk=iphoneos*]" = "$(PROJECT_DIR)/../../../../lib/Xcode/iOS/Release-iphoneos";
				"LIBRARY_SEARCH_PATHS[sdk=iphonesimulator*]" = "$(PROJECT_DIR)/../../../../lib/Xcode/iOS/Release-iphonesimulator-x86_64";
				PRODUCT_BUNDLE_IDENTIFIER = com.pppiziot.www.PIZCms;
				PRODUCT_NAME = "$(TARGET_NAME)";
				TARGETED_DEVICE_FAMILY = "1,2";
				USER_HEADER_SEARCH_PATHS = "$(PROJECT_DIR)/../../../../include";
			};
			name = Release;
		};
		A3A113911F9DC27900ED0E1C /* Debug */ = {
			isa = XCBuildConfiguration;
			buildSettings = {
				BUNDLE_LOADER = "$(TEST_HOST)";
				CODE_SIGN_STYLE = Automatic;
				INFOPLIST_FILE = PIZCmsTests/Info.plist;
				LD_RUNPATH_SEARCH_PATHS = "$(inherited) @executable_path/Frameworks @loader_path/Frameworks";
				PRODUCT_BUNDLE_IDENTIFIER = com.pppiziot.www.PIZCmsTests;
				PRODUCT_NAME = "$(TARGET_NAME)";
				TARGETED_DEVICE_FAMILY = "1,2";
				TEST_HOST = "$(BUILT_PRODUCTS_DIR)/PIZCms.app/PIZCms";
			};
			name = Debug;
		};
		A3A113921F9DC27900ED0E1C /* Release */ = {
			isa = XCBuildConfiguration;
			buildSettings = {
				BUNDLE_LOADER = "$(TEST_HOST)";
				CODE_SIGN_STYLE = Automatic;
				INFOPLIST_FILE = PIZCmsTests/Info.plist;
				LD_RUNPATH_SEARCH_PATHS = "$(inherited) @executable_path/Frameworks @loader_path/Frameworks";
				PRODUCT_BUNDLE_IDENTIFIER = com.pppiziot.www.PIZCmsTests;
				PRODUCT_NAME = "$(TARGET_NAME)";
				TARGETED_DEVICE_FAMILY = "1,2";
				TEST_HOST = "$(BUILT_PRODUCTS_DIR)/PIZCms.app/PIZCms";
			};
			name = Release;
		};
		A3A113941F9DC27900ED0E1C /* Debug */ = {
			isa = XCBuildConfiguration;
			buildSettings = {
				CODE_SIGN_STYLE = Automatic;
				INFOPLIST_FILE = PIZCmsUITests/Info.plist;
				LD_RUNPATH_SEARCH_PATHS = "$(inherited) @executable_path/Frameworks @loader_path/Frameworks";
				PRODUCT_BUNDLE_IDENTIFIER = com.pppiziot.www.PIZCmsUITests;
				PRODUCT_NAME = "$(TARGET_NAME)";
				TARGETED_DEVICE_FAMILY = "1,2";
				TEST_TARGET_NAME = PIZCms;
			};
			name = Debug;
		};
		A3A113951F9DC27900ED0E1C /* Release */ = {
			isa = XCBuildConfiguration;
			buildSettings = {
				CODE_SIGN_STYLE = Automatic;
				INFOPLIST_FILE = PIZCmsUITests/Info.plist;
				LD_RUNPATH_SEARCH_PATHS = "$(inherited) @executable_path/Frameworks @loader_path/Frameworks";
				PRODUCT_BUNDLE_IDENTIFIER = com.pppiziot.www.PIZCmsUITests;
				PRODUCT_NAME = "$(TARGET_NAME)";
				TARGETED_DEVICE_FAMILY = "1,2";
				TEST_TARGET_NAME = PIZCms;
			};
			name = Release;
		};
/* End XCBuildConfiguration section */

/* Begin XCConfigurationList section */
		A3A113591F9DC27900ED0E1C /* Build configuration list for PBXProject "PIZCms" */ = {
			isa = XCConfigurationList;
			buildConfigurations = (
				A3A1138B1F9DC27900ED0E1C /* Debug */,
				A3A1138C1F9DC27900ED0E1C /* Release */,
			);
			defaultConfigurationIsVisible = 0;
			defaultConfigurationName = Release;
		};
		A3A1138D1F9DC27900ED0E1C /* Build configuration list for PBXNativeTarget "PIZCms" */ = {
			isa = XCConfigurationList;
			buildConfigurations = (
				A3A1138E1F9DC27900ED0E1C /* Debug */,
				A3A1138F1F9DC27900ED0E1C /* Release */,
			);
			defaultConfigurationIsVisible = 0;
			defaultConfigurationName = Release;
		};
		A3A113901F9DC27900ED0E1C /* Build configuration list for PBXNativeTarget "PIZCmsTests" */ = {
			isa = XCConfigurationList;
			buildConfigurations = (
				A3A113911F9DC27900ED0E1C /* Debug */,
				A3A113921F9DC27900ED0E1C /* Release */,
			);
			defaultConfigurationIsVisible = 0;
			defaultConfigurationName = Release;
		};
		A3A113931F9DC27900ED0E1C /* Build configuration list for PBXNativeTarget "PIZCmsUITests" */ = {
			isa = XCConfigurationList;
			buildConfigurations = (
				A3A113941F9DC27900ED0E1C /* Debug */,
				A3A113951F9DC27900ED0E1C /* Release */,
			);
			defaultConfigurationIsVisible = 0;
			defaultConfigurationName = Release;
		};
/* End XCConfigurationList section */
	};
	rootObject = A3A113561F9DC27900ED0E1C /* Project object */;
}
