
Microsoft Visual Studio Solution File, Format Version 10.00
# Visual Studio 2008
Project("{8BC9CEB8-8B4A-11D0-8D11-00A0C91BC942}") = "PIZCms", "PIZCms.vcproj", "{898846C6-743C-4E42-B019-470DC7B3B6FC}"
	ProjectSection(ProjectDependencies) = postProject
		{661315B7-A488-402F-9B26-0E68B63A6104} = {661315B7-A488-402F-9B26-0E68B63A6104}
	EndProjectSection
EndProject
Project("{8BC9CEB8-8B4A-11D0-8D11-00A0C91BC942}") = "libpiziot_core_cms", "..\..\..\libpiziot_core_cms\VS2008\libpiziot_core_cms.vcproj", "{661315B7-A488-402F-9B26-0E68B63A6104}"
EndProject
Global
	GlobalSection(SolutionConfigurationPlatforms) = preSolution
		Debug|Win32 = Debug|Win32
		Release|Win32 = Release|Win32
	EndGlobalSection
	GlobalSection(ProjectConfigurationPlatforms) = postSolution
		{898846C6-743C-4E42-B019-470DC7B3B6FC}.Debug|Win32.ActiveCfg = Debug|Win32
		{898846C6-743C-4E42-B019-470DC7B3B6FC}.Debug|Win32.Build.0 = Debug|Win32
		{898846C6-743C-4E42-B019-470DC7B3B6FC}.Release|Win32.ActiveCfg = Release|Win32
		{898846C6-743C-4E42-B019-470DC7B3B6FC}.Release|Win32.Build.0 = Release|Win32
		{661315B7-A488-402F-9B26-0E68B63A6104}.Debug|Win32.ActiveCfg = Debug|Win32
		{661315B7-A488-402F-9B26-0E68B63A6104}.Debug|Win32.Build.0 = Debug|Win32
		{661315B7-A488-402F-9B26-0E68B63A6104}.Release|Win32.ActiveCfg = Release|Win32
		{661315B7-A488-402F-9B26-0E68B63A6104}.Release|Win32.Build.0 = Release|Win32
	EndGlobalSection
	GlobalSection(SolutionProperties) = preSolution
		HideSolutionNode = FALSE
	EndGlobalSection
EndGlobal
